
Microsoft Visual Studio Solution File, Format Version 12.00
# Visual Studio Version 16
VisualStudioVersion = 16.0.31005.135
MinimumVisualStudioVersion = 10.0.40219.1
Project("{FAE04EC0-301F-11D3-BF4B-00C04F79EFBC}") = "TestePleno", "TestePleno.csproj", "{5441EA20-BE2D-4AD3-8A7E-8F505E26EECF}"
EndProject
Global
	GlobalSection(SolutionConfigurationPlatforms) = preSolution
		Debug|Any CPU = Debug|Any CPU
		Release|Any CPU = Release|Any CPU
	EndGlobalSection
	GlobalSection(ProjectConfigurationPlatforms) = postSolution
		{5441EA20-BE2D-4AD3-8A7E-8F505E26EECF}.Debug|Any CPU.ActiveCfg = Debug|Any CPU
		{5441EA20-BE2D-4AD3-8A7E-8F505E26EECF}.Debug|Any CPU.Build.0 = Debug|Any CPU
		{5441EA20-BE2D-4AD3-8A7E-8F505E26EECF}.Release|Any CPU.ActiveCfg = Release|Any CPU
		{5441EA20-BE2D-4AD3-8A7E-8F505E26EECF}.Release|Any CPU.Build.0 = Release|Any CPU
	EndGlobalSection
	GlobalSection(SolutionProperties) = preSolution
		HideSolutionNode = FALSE
	EndGlobalSection
	GlobalSection(ExtensibilityGlobals) = postSolution
		SolutionGuid = {062DDE8D-B919-4C90-A985-13D443601C90}
	EndGlobalSection
EndGlobal
